
Microsoft Visual Studio Solution File, Format Version 12.00
# Visual Studio Version 17
VisualStudioVersion = 17.7.34024.191
MinimumVisualStudioVersion = 10.0.40219.1
Project("{FAE04EC0-301F-11D3-BF4B-00C04F79EFBC}") = "YilanOyunu", "YilanOyunu\YilanOyunu.csproj", "{81687B92-5501-4A49-927E-950CEAD7E633}"
EndProject
Global
	GlobalSection(SolutionConfigurationPlatforms) = preSolution
		Debug|Any CPU = Debug|Any CPU
		Release|Any CPU = Release|Any CPU
	EndGlobalSection
	GlobalSection(ProjectConfigurationPlatforms) = postSolution
		{81687B92-5501-4A49-927E-950CEAD7E633}.Debug|Any CPU.ActiveCfg = Debug|Any CPU
		{81687B92-5501-4A49-927E-950CEAD7E633}.Debug|Any CPU.Build.0 = Debug|Any CPU
		{81687B92-5501-4A49-927E-950CEAD7E633}.Release|Any CPU.ActiveCfg = Release|Any CPU
		{81687B92-5501-4A49-927E-950CEAD7E633}.Release|Any CPU.Build.0 = Release|Any CPU
	EndGlobalSection
	GlobalSection(SolutionProperties) = preSolution
		HideSolutionNode = FALSE
	EndGlobalSection
	GlobalSection(ExtensibilityGlobals) = postSolution
		SolutionGuid = {5729E704-196D-4768-A781-2AA075162CC9}
	EndGlobalSection
EndGlobal
